
Microsoft Visual Studio Solution File, Format Version 12.00
# Visual Studio Version 17
VisualStudioVersion = 17.5.002.0
MinimumVisualStudioVersion = 10.0.40219.1
Project("{2150E333-8FDC-42A3-9474-1A3956D46DE8}") = "cs11dotnet7", "cs11dotnet7", "{4B88FD75-9BF2-4B84-AEF3-E7A8192C3F1E}"
EndProject
Project("{2150E333-8FDC-42A3-9474-1A3956D46DE8}") = "Chapter01-vscode", "Chapter01-vscode", "{F35EDBBC-F5A4-4A72-B981-0C5B2EED3AAB}"
EndProject
Project("{9A19103F-16F7-4668-BE54-9A1E7A4F7556}") = "HelloCs", "cs11dotnet7\Chapter01-vscode\HelloCs\HelloCs.csproj", "{DFB8852D-9D55-4883-BBC6-22334AC8F598}"
EndProject
Global
	GlobalSection(SolutionConfigurationPlatforms) = preSolution
		Debug|Any CPU = Debug|Any CPU
		Release|Any CPU = Release|Any CPU
	EndGlobalSection
	GlobalSection(ProjectConfigurationPlatforms) = postSolution
		{DFB8852D-9D55-4883-BBC6-22334AC8F598}.Debug|Any CPU.ActiveCfg = Debug|Any CPU
		{DFB8852D-9D55-4883-BBC6-22334AC8F598}.Debug|Any CPU.Build.0 = Debug|Any CPU
		{DFB8852D-9D55-4883-BBC6-22334AC8F598}.Release|Any CPU.ActiveCfg = Release|Any CPU
		{DFB8852D-9D55-4883-BBC6-22334AC8F598}.Release|Any CPU.Build.0 = Release|Any CPU
	EndGlobalSection
	GlobalSection(SolutionProperties) = preSolution
		HideSolutionNode = FALSE
	EndGlobalSection
	GlobalSection(NestedProjects) = preSolution
		{F35EDBBC-F5A4-4A72-B981-0C5B2EED3AAB} = {4B88FD75-9BF2-4B84-AEF3-E7A8192C3F1E}
		{DFB8852D-9D55-4883-BBC6-22334AC8F598} = {F35EDBBC-F5A4-4A72-B981-0C5B2EED3AAB}
	EndGlobalSection
	GlobalSection(ExtensibilityGlobals) = postSolution
		SolutionGuid = {E16FF67D-D898-4B76-A4C7-E3685EA625F5}
	EndGlobalSection
EndGlobal
